
Microsoft Visual Studio Solution File, Format Version 12.00
# Visual Studio Version 16
VisualStudioVersion = 16.0.30907.101
MinimumVisualStudioVersion = 10.0.40219.1
Project("{FAE04EC0-301F-11D3-BF4B-00C04F79EFBC}") = "GameProject_Homework", "GameProject_Homework\GameProject_Homework.csproj", "{CB331947-9533-4A7C-A921-0E1E91AEA94C}"
EndProject
Global
	GlobalSection(SolutionConfigurationPlatforms) = preSolution
		Debug|Any CPU = Debug|Any CPU
		Release|Any CPU = Release|Any CPU
	EndGlobalSection
	GlobalSection(ProjectConfigurationPlatforms) = postSolution
		{CB331947-9533-4A7C-A921-0E1E91AEA94C}.Debug|Any CPU.ActiveCfg = Debug|Any CPU
		{CB331947-9533-4A7C-A921-0E1E91AEA94C}.Debug|Any CPU.Build.0 = Debug|Any CPU
		{CB331947-9533-4A7C-A921-0E1E91AEA94C}.Release|Any CPU.ActiveCfg = Release|Any CPU
		{CB331947-9533-4A7C-A921-0E1E91AEA94C}.Release|Any CPU.Build.0 = Release|Any CPU
	EndGlobalSection
	GlobalSection(SolutionProperties) = preSolution
		HideSolutionNode = FALSE
	EndGlobalSection
	GlobalSection(ExtensibilityGlobals) = postSolution
		SolutionGuid = {F82802C1-042C-4113-A25B-322E0E2CB98D}
	EndGlobalSection
EndGlobal
